
Microsoft Visual Studio Solution File, Format Version 12.00
# Visual Studio Version 17
VisualStudioVersion = 17.10.34928.147
MinimumVisualStudioVersion = 10.0.40219.1
Project("{FAE04EC0-301F-11D3-BF4B-00C04F79EFBC}") = "testWebAPI", "testWebAPI\testWebAPI.csproj", "{2A0F6317-C146-46A0-BAB9-6D033EC2A768}"
EndProject
Global
	GlobalSection(SolutionConfigurationPlatforms) = preSolution
		Debug|Any CPU = Debug|Any CPU
		Release|Any CPU = Release|Any CPU
	EndGlobalSection
	GlobalSection(ProjectConfigurationPlatforms) = postSolution
		{2A0F6317-C146-46A0-BAB9-6D033EC2A768}.Debug|Any CPU.ActiveCfg = Debug|Any CPU
		{2A0F6317-C146-46A0-BAB9-6D033EC2A768}.Debug|Any CPU.Build.0 = Debug|Any CPU
		{2A0F6317-C146-46A0-BAB9-6D033EC2A768}.Release|Any CPU.ActiveCfg = Release|Any CPU
		{2A0F6317-C146-46A0-BAB9-6D033EC2A768}.Release|Any CPU.Build.0 = Release|Any CPU
	EndGlobalSection
	GlobalSection(SolutionProperties) = preSolution
		HideSolutionNode = FALSE
	EndGlobalSection
	GlobalSection(ExtensibilityGlobals) = postSolution
		SolutionGuid = {6B372D57-D713-4116-BBA3-1BE3CE15A041}
	EndGlobalSection
EndGlobal
